{
  "pins" : [
    {
      "identity" : "facebook-ios-sdk",
      "kind" : "remoteSourceControl",
      "location" : "https://github.com/facebook/facebook-ios-sdk",
      "state" : {
        "branch" : "main",
        "revision" : "ecedde2a1fe2d6a67f05c5d6e765276348cc9d08"
      }
    }
  ],
  "version" : 2
}
